
Microsoft Visual Studio Solution File, Format Version 12.00
# Visual Studio Version 16
VisualStudioVersion = 16.0.30002.166
MinimumVisualStudioVersion = 10.0.40219.1
Project("{FAE04EC0-301F-11D3-BF4B-00C04F79EFBC}") = "QA_Mokymai_VCS_Pamoka_0409", "QA_Mokymai_VCS_Pamoka_0409\QA_Mokymai_VCS_Pamoka_0409.csproj", "{986DCFEC-D40F-49C7-AD74-8694C92C232B}"
EndProject
Global
	GlobalSection(SolutionConfigurationPlatforms) = preSolution
		Debug|Any CPU = Debug|Any CPU
		Release|Any CPU = Release|Any CPU
	EndGlobalSection
	GlobalSection(ProjectConfigurationPlatforms) = postSolution
		{986DCFEC-D40F-49C7-AD74-8694C92C232B}.Debug|Any CPU.ActiveCfg = Debug|Any CPU
		{986DCFEC-D40F-49C7-AD74-8694C92C232B}.Debug|Any CPU.Build.0 = Debug|Any CPU
		{986DCFEC-D40F-49C7-AD74-8694C92C232B}.Release|Any CPU.ActiveCfg = Release|Any CPU
		{986DCFEC-D40F-49C7-AD74-8694C92C232B}.Release|Any CPU.Build.0 = Release|Any CPU
	EndGlobalSection
	GlobalSection(SolutionProperties) = preSolution
		HideSolutionNode = FALSE
	EndGlobalSection
	GlobalSection(ExtensibilityGlobals) = postSolution
		SolutionGuid = {E8B8CEBE-7946-4925-AE99-E5B9501F437A}
	EndGlobalSection
EndGlobal
