
Microsoft Visual Studio Solution File, Format Version 12.00
# Visual Studio Version 16
VisualStudioVersion = 16.0.30104.148
MinimumVisualStudioVersion = 10.0.40219.1
Project("{FAE04EC0-301F-11D3-BF4B-00C04F79EFBC}") = "AutoPlus", "AutoPlus\AutoPlus.csproj", "{9EA25C93-D624-4C68-9251-48BC4C445497}"
EndProject
Global
	GlobalSection(SolutionConfigurationPlatforms) = preSolution
		Debug|Any CPU = Debug|Any CPU
		Release|Any CPU = Release|Any CPU
	EndGlobalSection
	GlobalSection(ProjectConfigurationPlatforms) = postSolution
		{9EA25C93-D624-4C68-9251-48BC4C445497}.Debug|Any CPU.ActiveCfg = Debug|Any CPU
		{9EA25C93-D624-4C68-9251-48BC4C445497}.Debug|Any CPU.Build.0 = Debug|Any CPU
		{9EA25C93-D624-4C68-9251-48BC4C445497}.Release|Any CPU.ActiveCfg = Release|Any CPU
		{9EA25C93-D624-4C68-9251-48BC4C445497}.Release|Any CPU.Build.0 = Release|Any CPU
	EndGlobalSection
	GlobalSection(SolutionProperties) = preSolution
		HideSolutionNode = FALSE
	EndGlobalSection
	GlobalSection(ExtensibilityGlobals) = postSolution
		SolutionGuid = {5B0E2026-AB86-4A87-B7D1-8698B203D6F5}
	EndGlobalSection
EndGlobal
